# THIS IS AN AUTOGENERATED FILE. DO NOT EDIT THIS FILE DIRECTLY.
# yarn lockfile v1


"@next/env@12.2.6-canary.1":
  version "12.2.6-canary.1"
  resolved "https://registry.yarnpkg.com/@next/env/-/env-12.2.6-canary.1.tgz#53e35ba5ca0d0a3bf4b532c876ec866d2d5bd08c"
  integrity sha512-mqlH6d4oM7+ig4QharBFAjDa5fSziPV3ypJFuCHKa414JIKCt5S89WX+QGIpNfrDeDIudG3MqlKEqq8wI13oSg==

"@next/swc-android-arm-eabi@12.2.6-canary.1":
  version "12.2.6-canary.1"
  resolved "https://registry.yarnpkg.com/@next/swc-android-arm-eabi/-/swc-android-arm-eabi-12.2.6-canary.1.tgz#7fde852bafa502e40b5ddb96c9fab1f263c1a6a0"
  integrity sha512-oWwTz2J23ND8hRAiIl2fmK6P8CkB5jJdz2r34G8TUkMvug/+/HWNKquty247IO2C89OVh7NO7woLP/sA3qPCvw==

"@next/swc-android-arm64@12.2.6-canary.1":
  version "12.2.6-canary.1"
  resolved "https://registry.yarnpkg.com/@next/swc-android-arm64/-/swc-android-arm64-12.2.6-canary.1.tgz#0594d09ab7d5deb40e9df63b08475e1fbd39603c"
  integrity sha512-YGlefOxeafm4xo1SDgdRtx0eQJ5WhPL93ZdsElvUlHcdbPyv+LotlAtV+/h0gfk68QLGOUcUbteRf7xeyURp6w==

"@next/swc-darwin-arm64@12.2.6-canary.1":
  version "12.2.6-canary.1"
  resolved "https://registry.yarnpkg.com/@next/swc-darwin-arm64/-/swc-darwin-arm64-12.2.6-canary.1.tgz#df37b934cf60b71f91c4f3ed796d523e2e8e524e"
  integrity sha512-oalzRDmKI49PuPHcl2/CgielLTMDTh4obbrytYxgukdcaxCbPrD0GGugJJJnLa5n7faY8EWyEHt8McXC4lWvQA==

"@next/swc-darwin-x64@12.2.6-canary.1":
  version "12.2.6-canary.1"
  resolved "https://registry.yarnpkg.com/@next/swc-darwin-x64/-/swc-darwin-x64-12.2.6-canary.1.tgz#f7f0910fcc966c9c5ae8c282b211acbc6f058e33"
  integrity sha512-vyWcoF6QUOEm2J1g6AzGVb836qr+dCah78igNRKvi4A6MKhfBSVQNqL3sSFcIZ8gVXobPw9IX5gTfezWWyCCYA==

"@next/swc-freebsd-x64@12.2.6-canary.1":
  version "12.2.6-canary.1"
  resolved "https://registry.yarnpkg.com/@next/swc-freebsd-x64/-/swc-freebsd-x64-12.2.6-canary.1.tgz#78cd07d0e99fcbcc285ea03704bda7663e195c9b"
  integrity sha512-dpDJFQcfnlAgvuynDOKCCJLcJNuubzC1ZgAZGbjK58B1a0HevwiWMvHob0WAW7XCO8BOINxx370424Qb8bbVQA==

"@next/swc-linux-arm-gnueabihf@12.2.6-canary.1":
  version "12.2.6-canary.1"
  resolved "https://registry.yarnpkg.com/@next/swc-linux-arm-gnueabihf/-/swc-linux-arm-gnueabihf-12.2.6-canary.1.tgz#62d4b8aad71e377dfff5c93a6a4441224b85f502"
  integrity sha512-9348/yKBUMixWJNoUvUUw7K7i76j+H2m3B6TNfGNqS495a2DpnL6cZ5tg+oHs028I+C4giDLytYB+suH6/l7Cg==

"@next/swc-linux-arm64-gnu@12.2.6-canary.1":
  version "12.2.6-canary.1"
  resolved "https://registry.yarnpkg.com/@next/swc-linux-arm64-gnu/-/swc-linux-arm64-gnu-12.2.6-canary.1.tgz#dff787edf90898b068117ecb0f171c5fd765d5e6"
  integrity sha512-nOhm0xJiHg6cSSO3h5sz9eJHpTpxQPz6ramE3+2XN/AOVjW+d5Rj903wJE+5TfthCLuicxTTq4a6LfQpbzdk/A==

"@next/swc-linux-arm64-musl@12.2.6-canary.1":
  version "12.2.6-canary.1"
  resolved "https://registry.yarnpkg.com/@next/swc-linux-arm64-musl/-/swc-linux-arm64-musl-12.2.6-canary.1.tgz#1d2f323e4b30dae1be0e828e829806c668e9431c"
  integrity sha512-oladAJm7w6DmXZ+NBh4J7MnbS+d58mm0drBou0hpartfCvkm6+yVFuPbKwJ1ZuDIFheLtLn2mxvRyxp17MBVwQ==

"@next/swc-linux-x64-gnu@12.2.6-canary.1":
  version "12.2.6-canary.1"
  resolved "https://registry.yarnpkg.com/@next/swc-linux-x64-gnu/-/swc-linux-x64-gnu-12.2.6-canary.1.tgz#e898a8a75d80bf2c9600fdded909f778b35fc872"
  integrity sha512-FMVfbz/GTgTW9nlCpZ5lyGwYb1N4esB8rX77cZKlQcKJgimqgo7jlzu+lAcxn1i8zV9edbtwN2LmjZgD3+RvUQ==

"@next/swc-linux-x64-musl@12.2.6-canary.1":
  version "12.2.6-canary.1"
  resolved "https://registry.yarnpkg.com/@next/swc-linux-x64-musl/-/swc-linux-x64-musl-12.2.6-canary.1.tgz#e723e7d45bfcb906bae253cd5ca94214109302e1"
  integrity sha512-MbXBtuECE2gAa93h62wIW0QWVx0+h/Qe1QLqDTZ2NqTheQkTE4v4zPqmxiyiiEmyMY1tJgHdLVxaRcnINmZomQ==

"@next/swc-win32-arm64-msvc@12.2.6-canary.1":
  version "12.2.6-canary.1"
  resolved "https://registry.yarnpkg.com/@next/swc-win32-arm64-msvc/-/swc-win32-arm64-msvc-12.2.6-canary.1.tgz#bacd8e81c363f498c63c9c5f92b33a732f40c3dc"
  integrity sha512-scsVuWFFDeXpD6s4rGm7Ww88I8svjVVwj0rXGx7eE2I/R9MUT5ZJe7GivdcLFYkaWMXi3EW1zbX3nUQBvBt/hQ==

"@next/swc-win32-ia32-msvc@12.2.6-canary.1":
  version "12.2.6-canary.1"
  resolved "https://registry.yarnpkg.com/@next/swc-win32-ia32-msvc/-/swc-win32-ia32-msvc-12.2.6-canary.1.tgz#d819d1ec655a5ce896bd171da0dc315dc81902e1"
  integrity sha512-foYZRYQbAlAqorudwgbvUk3ZptdDqTEG4QigHc4/pIVVeYE4bKPaK639hZfH/Z4QFwQ0jn8ZIare9Ah6mFZthg==

"@next/swc-win32-x64-msvc@12.2.6-canary.1":
  version "12.2.6-canary.1"
  resolved "https://registry.yarnpkg.com/@next/swc-win32-x64-msvc/-/swc-win32-x64-msvc-12.2.6-canary.1.tgz#4c1b9878e83a5e4507e304dd646b0e486b340e48"
  integrity sha512-uELta1LF4QxfJYoo4yvS26hTfk5hmqWUCNDCqQrglALRUfW1bK1nkrm1ztFHFBF9Igje1iunwiRiC3GRAhcENA==

"@swc/helpers@0.4.3":
  version "0.4.3"
  resolved "https://registry.yarnpkg.com/@swc/helpers/-/helpers-0.4.3.tgz#16593dfc248c53b699d4b5026040f88ddb497012"
  integrity sha512-6JrF+fdUK2zbGpJIlN7G3v966PQjyx/dPt1T9km2wj+EUBqgrxCk3uX4Kct16MIm9gGxfKRcfax2hVf5jvlTzA==
  dependencies:
    tslib "^2.4.0"

"@types/node@^18.0.0":
  version "18.7.6"
  resolved "https://registry.yarnpkg.com/@types/node/-/node-18.7.6.tgz#31743bc5772b6ac223845e18c3fc26f042713c83"
  integrity sha512-EdxgKRXgYsNITy5mjjXjVE/CS8YENSdhiagGrLqjG0pvA2owgJ6i4l7wy/PFZGC0B1/H20lWKN7ONVDNYDZm7A==

"@types/prop-types@*":
  version "15.7.5"
  resolved "https://registry.yarnpkg.com/@types/prop-types/-/prop-types-15.7.5.tgz#5f19d2b85a98e9558036f6a3cacc8819420f05cf"
  integrity sha512-JCB8C6SnDoQf0cNycqd/35A7MjcnK+ZTqE7judS6o7utxUCg6imJg3QK2qzHKszlTjcj2cn+NwMB2i96ubpj7w==

"@types/react@^18.0.14":
  version "18.0.17"
  resolved "https://registry.yarnpkg.com/@types/react/-/react-18.0.17.tgz#4583d9c322d67efe4b39a935d223edcc7050ccf4"
  integrity sha512-38ETy4tL+rn4uQQi7mB81G7V1g0u2ryquNmsVIOKUAEIDK+3CUjZ6rSRpdvS99dNBnkLFL83qfmtLacGOTIhwQ==
  dependencies:
    "@types/prop-types" "*"
    "@types/scheduler" "*"
    csstype "^3.0.2"

"@types/scheduler@*":
  version "0.16.2"
  resolved "https://registry.yarnpkg.com/@types/scheduler/-/scheduler-0.16.2.tgz#1a62f89525723dde24ba1b01b092bf5df8ad4d39"
  integrity sha512-hppQEBDmlwhFAXKJX2KnWLYu5yMfi91yazPb2l+lbJiwW+wdo1gNeRA+3RgNSO39WYX2euey41KEwnqesU2Jew==

caniuse-lite@^1.0.30001332:
  version "1.0.30001378"
  resolved "https://registry.yarnpkg.com/caniuse-lite/-/caniuse-lite-1.0.30001378.tgz#3d2159bf5a8f9ca093275b0d3ecc717b00f27b67"
  integrity sha512-JVQnfoO7FK7WvU4ZkBRbPjaot4+YqxogSDosHv0Hv5mWpUESmN+UubMU6L/hGz8QlQ2aY5U0vR6MOs6j/CXpNA==

csstype@^3.0.2:
  version "3.1.0"
  resolved "https://registry.yarnpkg.com/csstype/-/csstype-3.1.0.tgz#4ddcac3718d787cf9df0d1b7d15033925c8f29f2"
  integrity sha512-uX1KG+x9h5hIJsaKR9xHUeUraxf8IODOwq9JLNPq6BwB04a/xgpq3rcx47l5BZu5zBPlgD342tdke3Hom/nJRA==

"js-tokens@^3.0.0 || ^4.0.0":
  version "4.0.0"
  resolved "https://registry.yarnpkg.com/js-tokens/-/js-tokens-4.0.0.tgz#19203fb59991df98e3a287050d4647cdeaf32499"
  integrity sha512-RdJUflcE3cUzKiMqQgsCu06FPu9UdIJO0beYbPhHN4k6apgJtifcoCtT9bcxOpYBtpD2kCM6Sbzg4CausW/PKQ==

loose-envify@^1.1.0:
  version "1.4.0"
  resolved "https://registry.yarnpkg.com/loose-envify/-/loose-envify-1.4.0.tgz#71ee51fa7be4caec1a63839f7e682d8132d30caf"
  integrity sha512-lyuxPGr/Wfhrlem2CL/UcnUc1zcqKAImBDzukY7Y5F/yQiNdko6+fRLevlw1HgMySw7f611UIY408EtxRSoK3Q==
  dependencies:
    js-tokens "^3.0.0 || ^4.0.0"

nanoid@^3.3.4:
  version "3.3.4"
  resolved "https://registry.yarnpkg.com/nanoid/-/nanoid-3.3.4.tgz#730b67e3cd09e2deacf03c027c81c9d9dbc5e8ab"
  integrity sha512-MqBkQh/OHTS2egovRtLk45wEyNXwF+cokD+1YPf9u5VfJiRdAiRwB2froX5Co9Rh20xs4siNPm8naNotSD6RBw==

next@canary:
  version "12.2.6-canary.1"
  resolved "https://registry.yarnpkg.com/next/-/next-12.2.6-canary.1.tgz#3db6720026ea6083b17a2ecd2acacf55ab470210"
  integrity sha512-QgXsKwAtZkjSpuVB5yMD4fVn5+0zxjvs/TB5L1DEZJjUtdBs/3tEHluDxdW0bI4jPINh024Ht7GksGLM1OQIAA==
  dependencies:
    "@next/env" "12.2.6-canary.1"
    "@swc/helpers" "0.4.3"
    caniuse-lite "^1.0.30001332"
    postcss "8.4.14"
    styled-jsx "5.0.4"
    use-sync-external-store "1.2.0"
  optionalDependencies:
    "@next/swc-android-arm-eabi" "12.2.6-canary.1"
    "@next/swc-android-arm64" "12.2.6-canary.1"
    "@next/swc-darwin-arm64" "12.2.6-canary.1"
    "@next/swc-darwin-x64" "12.2.6-canary.1"
    "@next/swc-freebsd-x64" "12.2.6-canary.1"
    "@next/swc-linux-arm-gnueabihf" "12.2.6-canary.1"
    "@next/swc-linux-arm64-gnu" "12.2.6-canary.1"
    "@next/swc-linux-arm64-musl" "12.2.6-canary.1"
    "@next/swc-linux-x64-gnu" "12.2.6-canary.1"
    "@next/swc-linux-x64-musl" "12.2.6-canary.1"
    "@next/swc-win32-arm64-msvc" "12.2.6-canary.1"
    "@next/swc-win32-ia32-msvc" "12.2.6-canary.1"
    "@next/swc-win32-x64-msvc" "12.2.6-canary.1"

picocolors@^1.0.0:
  version "1.0.0"
  resolved "https://registry.yarnpkg.com/picocolors/-/picocolors-1.0.0.tgz#cb5bdc74ff3f51892236eaf79d68bc44564ab81c"
  integrity sha512-1fygroTLlHu66zi26VoTDv8yRgm0Fccecssto+MhsZ0D/DGW2sm8E8AjW7NU5VVTRt5GxbeZ5qBuJr+HyLYkjQ==

postcss@8.4.14:
  version "8.4.14"
  resolved "https://registry.yarnpkg.com/postcss/-/postcss-8.4.14.tgz#ee9274d5622b4858c1007a74d76e42e56fd21caf"
  integrity sha512-E398TUmfAYFPBSdzgeieK2Y1+1cpdxJx8yXbK/m57nRhKSmk1GB2tO4lbLBtlkfPQTDKfe4Xqv1ASWPpayPEig==
  dependencies:
    nanoid "^3.3.4"
    picocolors "^1.0.0"
    source-map-js "^1.0.2"

react-dom@^18.2.0:
  version "18.2.0"
  resolved "https://registry.yarnpkg.com/react-dom/-/react-dom-18.2.0.tgz#22aaf38708db2674ed9ada224ca4aa708d821e3d"
  integrity sha512-6IMTriUmvsjHUjNtEDudZfuDQUoWXVxKHhlEGSk81n4YFS+r/Kl99wXiwlVXtPBtJenozv2P+hxDsw9eA7Xo6g==
  dependencies:
    loose-envify "^1.1.0"
    scheduler "^0.23.0"

react@^18.2.0:
  version "18.2.0"
  resolved "https://registry.yarnpkg.com/react/-/react-18.2.0.tgz#555bd98592883255fa00de14f1151a917b5d77d5"
  integrity sha512-/3IjMdb2L9QbBdWiW5e3P2/npwMBaU9mHCSCUzNln0ZCYbcfTsGbTJrU/kGemdH2IWmB2ioZ+zkxtmq6g09fGQ==
  dependencies:
    loose-envify "^1.1.0"

scheduler@^0.23.0:
  version "0.23.0"
  resolved "https://registry.yarnpkg.com/scheduler/-/scheduler-0.23.0.tgz#ba8041afc3d30eb206a487b6b384002e4e61fdfe"
  integrity sha512-CtuThmgHNg7zIZWAXi3AsyIzA3n4xx7aNyjwC2VJldO2LMVDhFK+63xGqq6CsJH4rTAt6/M+N4GhZiDYPx9eUw==
  dependencies:
    loose-envify "^1.1.0"

source-map-js@^1.0.2:
  version "1.0.2"
  resolved "https://registry.yarnpkg.com/source-map-js/-/source-map-js-1.0.2.tgz#adbc361d9c62df380125e7f161f71c826f1e490c"
  integrity sha512-R0XvVJ9WusLiqTCEiGCmICCMplcCkIwwR11mOSD9CR5u+IXYdiseeEuXCVAjS54zqwkLcPNnmU4OeJ6tUrWhDw==

styled-jsx@5.0.4:
  version "5.0.4"
  resolved "https://registry.yarnpkg.com/styled-jsx/-/styled-jsx-5.0.4.tgz#5b1bd0b9ab44caae3dd1361295559706e044aa53"
  integrity sha512-sDFWLbg4zR+UkNzfk5lPilyIgtpddfxXEULxhujorr5jtePTUqiPDc5BC0v1NRqTr/WaFBGQQUoYToGlF4B2KQ==

tslib@^2.4.0:
  version "2.4.0"
  resolved "https://registry.yarnpkg.com/tslib/-/tslib-2.4.0.tgz#7cecaa7f073ce680a05847aa77be941098f36dc3"
  integrity sha512-d6xOpEDfsi2CZVlPQzGeux8XMwLT9hssAsaPYExaQMuYskwb+x1x7J371tWlbBdWHroy99KnVB6qIkUbs5X3UQ==

typescript@^4.7.4:
  version "4.7.4"
  resolved "https://registry.yarnpkg.com/typescript/-/typescript-4.7.4.tgz#1a88596d1cf47d59507a1bcdfb5b9dfe4d488235"
  integrity sha512-C0WQT0gezHuw6AdY1M2jxUO83Rjf0HP7Sk1DtXj6j1EwkQNZrHAg2XPWlq62oqEhYvONq5pkC2Y9oPljWToLmQ==

use-sync-external-store@1.2.0:
  version "1.2.0"
  resolved "https://registry.yarnpkg.com/use-sync-external-store/-/use-sync-external-store-1.2.0.tgz#7dbefd6ef3fe4e767a0cf5d7287aacfb5846928a"
  integrity sha512-eEgnFxGQ1Ife9bzYs6VLi8/4X6CObHMw9Qr9tPY43iKwsPw8xE8+EFsf/2cFZ5S3esXgpWgtSCtLNS41F+sKPA==
